
Microsoft Visual Studio Solution File, Format Version 12.00
# Visual Studio Version 17
VisualStudioVersion = 17.7.34024.191
MinimumVisualStudioVersion = 10.0.40219.1
Project("{FAE04EC0-301F-11D3-BF4B-00C04F79EFBC}") = "Task1", "Task1\Task1.csproj", "{CD43F79A-727D-4400-AA3A-66BD10F8DC6F}"
EndProject
Project("{FAE04EC0-301F-11D3-BF4B-00C04F79EFBC}") = "Task2", "Task2\Task2.csproj", "{3E2C0110-A968-44B3-B5FF-986EB3555A30}"
EndProject
Project("{FAE04EC0-301F-11D3-BF4B-00C04F79EFBC}") = "Task3", "Task3\Task3.csproj", "{7A525178-D065-4F37-AB21-F54E40AD11CD}"
EndProject
Project("{FAE04EC0-301F-11D3-BF4B-00C04F79EFBC}") = "FinalTask", "FinalTask\FinalTask.csproj", "{7B4D8A90-8215-42C0-BF4B-C2078C302D62}"
EndProject
Global
	GlobalSection(SolutionConfigurationPlatforms) = preSolution
		Debug|Any CPU = Debug|Any CPU
		Release|Any CPU = Release|Any CPU
	EndGlobalSection
	GlobalSection(ProjectConfigurationPlatforms) = postSolution
		{CD43F79A-727D-4400-AA3A-66BD10F8DC6F}.Debug|Any CPU.ActiveCfg = Debug|Any CPU
		{CD43F79A-727D-4400-AA3A-66BD10F8DC6F}.Debug|Any CPU.Build.0 = Debug|Any CPU
		{CD43F79A-727D-4400-AA3A-66BD10F8DC6F}.Release|Any CPU.ActiveCfg = Release|Any CPU
		{CD43F79A-727D-4400-AA3A-66BD10F8DC6F}.Release|Any CPU.Build.0 = Release|Any CPU
		{3E2C0110-A968-44B3-B5FF-986EB3555A30}.Debug|Any CPU.ActiveCfg = Debug|Any CPU
		{3E2C0110-A968-44B3-B5FF-986EB3555A30}.Debug|Any CPU.Build.0 = Debug|Any CPU
		{3E2C0110-A968-44B3-B5FF-986EB3555A30}.Release|Any CPU.ActiveCfg = Release|Any CPU
		{3E2C0110-A968-44B3-B5FF-986EB3555A30}.Release|Any CPU.Build.0 = Release|Any CPU
		{7A525178-D065-4F37-AB21-F54E40AD11CD}.Debug|Any CPU.ActiveCfg = Debug|Any CPU
		{7A525178-D065-4F37-AB21-F54E40AD11CD}.Debug|Any CPU.Build.0 = Debug|Any CPU
		{7A525178-D065-4F37-AB21-F54E40AD11CD}.Release|Any CPU.ActiveCfg = Release|Any CPU
		{7A525178-D065-4F37-AB21-F54E40AD11CD}.Release|Any CPU.Build.0 = Release|Any CPU
		{7B4D8A90-8215-42C0-BF4B-C2078C302D62}.Debug|Any CPU.ActiveCfg = Debug|Any CPU
		{7B4D8A90-8215-42C0-BF4B-C2078C302D62}.Debug|Any CPU.Build.0 = Debug|Any CPU
		{7B4D8A90-8215-42C0-BF4B-C2078C302D62}.Release|Any CPU.ActiveCfg = Release|Any CPU
		{7B4D8A90-8215-42C0-BF4B-C2078C302D62}.Release|Any CPU.Build.0 = Release|Any CPU
	EndGlobalSection
	GlobalSection(SolutionProperties) = preSolution
		HideSolutionNode = FALSE
	EndGlobalSection
	GlobalSection(ExtensibilityGlobals) = postSolution
		SolutionGuid = {E11B4DD8-2976-422C-92E8-A38140C6396C}
	EndGlobalSection
EndGlobal
